// !$*UTF8*$!
{
	archiveVersion = 1;
	classes = {
	};
	objectVersion = 60;
	objects = {

/* Begin PBXContainerItemProxy section */
		F1E2D3C4B5A6978877665570 /* PBXContainerItemProxy */ = {
			isa = PBXContainerItemProxy;
			containerPortal = F1E2D3C4B5A6978877665544 /* Project object */;
			proxyType = 1;
			remoteGlobalIDString = F1E2D3C4B5A6978877665550;
			remoteInfo = Lungfish;
		};
/* End PBXContainerItemProxy section */

/* Begin PBXBuildFile section */
		F1E2D3C4B5A6978877665554 /* Sources/Lungfish/main.swift in Sources */ = {isa = PBXBuildFile; fileRef = F1E2D3C4B5A6978877665548 /* Sources/Lungfish/main.swift */; };
		F1E2D3C4B5A6978877665555 /* LungfishApp in Frameworks */ = {isa = PBXBuildFile; productRef = F1E2D3C4B5A6978877665563 /* LungfishApp */; };
		F1E2D3C4B5A6978877665564 /* Lungfish.help in Resources */ = {isa = PBXBuildFile; fileRef = F1E2D3C4B5A6978877665565 /* Lungfish.help */; };
		F1E2D3C4B5A6978877665571 /* DatabaseSearchXCUITests.swift in Sources */ = {isa = PBXBuildFile; fileRef = F1E2D3C4B5A6978877665573 /* DatabaseSearchXCUITests.swift */; };
		F1E2D3C4B5A6978877665572 /* LungfishAppRobot.swift in Sources */ = {isa = PBXBuildFile; fileRef = F1E2D3C4B5A6978877665574 /* LungfishAppRobot.swift */; };
		F1E2D3C4B5A6978877665586 /* ProjectLifecycleXCUITests.swift in Sources */ = {isa = PBXBuildFile; fileRef = F1E2D3C4B5A6978877665594 /* ProjectLifecycleXCUITests.swift */; };
		F1E2D3C4B5A6978877665587 /* MainWindowNavigationXCUITests.swift in Sources */ = {isa = PBXBuildFile; fileRef = F1E2D3C4B5A6978877665595 /* MainWindowNavigationXCUITests.swift */; };
		F1E2D3C4B5A6978877665588 /* LungfishUITestLaunchOptions.swift in Sources */ = {isa = PBXBuildFile; fileRef = F1E2D3C4B5A6978877665596 /* LungfishUITestLaunchOptions.swift */; };
		F1E2D3C4B5A6978877665589 /* LungfishFixtureCatalog.swift in Sources */ = {isa = PBXBuildFile; fileRef = F1E2D3C4B5A6978877665597 /* LungfishFixtureCatalog.swift */; };
		F1E2D3C4B5A6978877665590 /* LungfishProjectFixtureBuilder.swift in Sources */ = {isa = PBXBuildFile; fileRef = F1E2D3C4B5A6978877665598 /* LungfishProjectFixtureBuilder.swift */; };
		F1E2D3C4B5A6978877665591 /* MainWindowRobot.swift in Sources */ = {isa = PBXBuildFile; fileRef = F1E2D3C4B5A6978877665599 /* MainWindowRobot.swift */; };
		F1E2D3C4B5A6978877665592 /* ProjectLifecycleRobot.swift in Sources */ = {isa = PBXBuildFile; fileRef = F1E2D3C4B5A697887766559A /* ProjectLifecycleRobot.swift */; };
		F1E2D3C4B5A6978877665593 /* SystemPanelRobot.swift in Sources */ = {isa = PBXBuildFile; fileRef = F1E2D3C4B5A697887766559B /* SystemPanelRobot.swift */; };
		F1E2D3C4B5A697887766559C /* AssemblyXCUITests.swift in Sources */ = {isa = PBXBuildFile; fileRef = F1E2D3C4B5A697887766559D /* AssemblyXCUITests.swift */; };
		F1E2D3C4B5A697887766559E /* AssemblyRobot.swift in Sources */ = {isa = PBXBuildFile; fileRef = F1E2D3C4B5A697887766559F /* AssemblyRobot.swift */; };
		F1E2D3C4B5A69788776655A0 /* MappingXCUITests.swift in Sources */ = {isa = PBXBuildFile; fileRef = F1E2D3C4B5A69788776655A1 /* MappingXCUITests.swift */; };
		F1E2D3C4B5A69788776655A2 /* MappingRobot.swift in Sources */ = {isa = PBXBuildFile; fileRef = F1E2D3C4B5A69788776655A3 /* MappingRobot.swift */; };
		F1E2D3C4B5A69788776655A4 /* BundleBrowserXCUITests.swift in Sources */ = {isa = PBXBuildFile; fileRef = F1E2D3C4B5A69788776655A5 /* BundleBrowserXCUITests.swift */; };
		F1E2D3C4B5A69788776655A6 /* BundleBrowserRobot.swift in Sources */ = {isa = PBXBuildFile; fileRef = F1E2D3C4B5A69788776655A7 /* BundleBrowserRobot.swift */; };
		F1E2D3C4B5A69788776655A8 /* PrimerTrimXCUITests.swift in Sources */ = {isa = PBXBuildFile; fileRef = F1E2D3C4B5A69788776655A9 /* PrimerTrimXCUITests.swift */; };
		F1E2D3C4B5A69788776655AC /* NFCoreWorkflowXCUITests.swift in Sources */ = {isa = PBXBuildFile; fileRef = F1E2D3C4B5A69788776655AD /* NFCoreWorkflowXCUITests.swift */; };
/* End PBXBuildFile section */

/* Begin PBXFileReference section */
		F1E2D3C4B5A6978877665548 /* Sources/Lungfish/main.swift */ = {isa = PBXFileReference; lastKnownFileType = sourcecode.swift; path = Sources/Lungfish/main.swift; sourceTree = SOURCE_ROOT; };
		F1E2D3C4B5A6978877665549 /* Lungfish.app */ = {isa = PBXFileReference; explicitFileType = wrapper.application; includeInIndex = 0; path = Lungfish.app; sourceTree = BUILT_PRODUCTS_DIR; };
		F1E2D3C4B5A6978877665565 /* Lungfish.help */ = {isa = PBXFileReference; lastKnownFileType = folder; name = Lungfish.help; path = Sources/LungfishApp/Resources/HelpBook/Lungfish.help; sourceTree = SOURCE_ROOT; };
		F1E2D3C4B5A6978877665573 /* DatabaseSearchXCUITests.swift */ = {isa = PBXFileReference; lastKnownFileType = sourcecode.swift; path = Tests/LungfishXCUITests/DatabaseSearchXCUITests.swift; sourceTree = SOURCE_ROOT; };
		F1E2D3C4B5A6978877665574 /* LungfishAppRobot.swift */ = {isa = PBXFileReference; lastKnownFileType = sourcecode.swift; path = Tests/LungfishXCUITests/TestSupport/LungfishAppRobot.swift; sourceTree = SOURCE_ROOT; };
		F1E2D3C4B5A6978877665575 /* LungfishXCUITests.xctest */ = {isa = PBXFileReference; explicitFileType = wrapper.cfbundle; includeInIndex = 0; path = LungfishXCUITests.xctest; sourceTree = BUILT_PRODUCTS_DIR; };
		F1E2D3C4B5A6978877665594 /* ProjectLifecycleXCUITests.swift */ = {isa = PBXFileReference; lastKnownFileType = sourcecode.swift; path = Tests/LungfishXCUITests/ProjectLifecycleXCUITests.swift; sourceTree = SOURCE_ROOT; };
		F1E2D3C4B5A6978877665595 /* MainWindowNavigationXCUITests.swift */ = {isa = PBXFileReference; lastKnownFileType = sourcecode.swift; path = Tests/LungfishXCUITests/MainWindowNavigationXCUITests.swift; sourceTree = SOURCE_ROOT; };
		F1E2D3C4B5A6978877665596 /* LungfishUITestLaunchOptions.swift */ = {isa = PBXFileReference; lastKnownFileType = sourcecode.swift; path = Tests/LungfishXCUITests/TestSupport/LungfishUITestLaunchOptions.swift; sourceTree = SOURCE_ROOT; };
		F1E2D3C4B5A6978877665597 /* LungfishFixtureCatalog.swift */ = {isa = PBXFileReference; lastKnownFileType = sourcecode.swift; path = Tests/LungfishXCUITests/TestSupport/LungfishFixtureCatalog.swift; sourceTree = SOURCE_ROOT; };
		F1E2D3C4B5A6978877665598 /* LungfishProjectFixtureBuilder.swift */ = {isa = PBXFileReference; lastKnownFileType = sourcecode.swift; path = Tests/LungfishXCUITests/TestSupport/LungfishProjectFixtureBuilder.swift; sourceTree = SOURCE_ROOT; };
		F1E2D3C4B5A6978877665599 /* MainWindowRobot.swift */ = {isa = PBXFileReference; lastKnownFileType = sourcecode.swift; path = Tests/LungfishXCUITests/TestSupport/MainWindowRobot.swift; sourceTree = SOURCE_ROOT; };
		F1E2D3C4B5A697887766559A /* ProjectLifecycleRobot.swift */ = {isa = PBXFileReference; lastKnownFileType = sourcecode.swift; path = Tests/LungfishXCUITests/TestSupport/ProjectLifecycleRobot.swift; sourceTree = SOURCE_ROOT; };
		F1E2D3C4B5A697887766559B /* SystemPanelRobot.swift */ = {isa = PBXFileReference; lastKnownFileType = sourcecode.swift; path = Tests/LungfishXCUITests/TestSupport/SystemPanelRobot.swift; sourceTree = SOURCE_ROOT; };
		F1E2D3C4B5A697887766559D /* AssemblyXCUITests.swift */ = {isa = PBXFileReference; lastKnownFileType = sourcecode.swift; path = Tests/LungfishXCUITests/AssemblyXCUITests.swift; sourceTree = SOURCE_ROOT; };
		F1E2D3C4B5A697887766559F /* AssemblyRobot.swift */ = {isa = PBXFileReference; lastKnownFileType = sourcecode.swift; path = Tests/LungfishXCUITests/TestSupport/AssemblyRobot.swift; sourceTree = SOURCE_ROOT; };
		F1E2D3C4B5A69788776655A1 /* MappingXCUITests.swift */ = {isa = PBXFileReference; lastKnownFileType = sourcecode.swift; path = Tests/LungfishXCUITests/MappingXCUITests.swift; sourceTree = SOURCE_ROOT; };
		F1E2D3C4B5A69788776655A3 /* MappingRobot.swift */ = {isa = PBXFileReference; lastKnownFileType = sourcecode.swift; path = Tests/LungfishXCUITests/TestSupport/MappingRobot.swift; sourceTree = SOURCE_ROOT; };
		F1E2D3C4B5A69788776655A5 /* BundleBrowserXCUITests.swift */ = {isa = PBXFileReference; lastKnownFileType = sourcecode.swift; path = Tests/LungfishXCUITests/BundleBrowserXCUITests.swift; sourceTree = SOURCE_ROOT; };
		F1E2D3C4B5A69788776655A7 /* BundleBrowserRobot.swift */ = {isa = PBXFileReference; lastKnownFileType = sourcecode.swift; path = Tests/LungfishXCUITests/TestSupport/BundleBrowserRobot.swift; sourceTree = SOURCE_ROOT; };
		F1E2D3C4B5A69788776655A9 /* PrimerTrimXCUITests.swift */ = {isa = PBXFileReference; lastKnownFileType = sourcecode.swift; path = Tests/LungfishXCUITests/PrimerTrim/PrimerTrimXCUITests.swift; sourceTree = SOURCE_ROOT; };
		F1E2D3C4B5A69788776655AB /* VariantCallingAutoConfirmXCUITests.swift */ = {isa = PBXFileReference; lastKnownFileType = sourcecode.swift; path = Tests/LungfishXCUITests/PrimerTrim/VariantCallingAutoConfirmXCUITests.swift; sourceTree = SOURCE_ROOT; };
		F1E2D3C4B5A69788776655AD /* NFCoreWorkflowXCUITests.swift */ = {isa = PBXFileReference; lastKnownFileType = sourcecode.swift; path = Tests/LungfishXCUITests/NFCoreWorkflowXCUITests.swift; sourceTree = SOURCE_ROOT; };
/* End PBXFileReference section */

/* Begin PBXFrameworksBuildPhase section */
		F1E2D3C4B5A6978877665552 /* Frameworks */ = {
			isa = PBXFrameworksBuildPhase;
			buildActionMask = 2147483647;
			files = (
				F1E2D3C4B5A6978877665555 /* LungfishApp in Frameworks */,
			);
			runOnlyForDeploymentPostprocessing = 0;
		};
		F1E2D3C4B5A6978877665576 /* Frameworks */ = {
			isa = PBXFrameworksBuildPhase;
			buildActionMask = 2147483647;
			files = (
			);
			runOnlyForDeploymentPostprocessing = 0;
		};
/* End PBXFrameworksBuildPhase section */

/* Begin PBXGroup section */
		F1E2D3C4B5A6978877665545 = {
			isa = PBXGroup;
			children = (
				F1E2D3C4B5A6978877665546 /* App */,
				F1E2D3C4B5A6978877665577 /* Tests */,
				F1E2D3C4B5A6978877665547 /* Products */,
			);
			sourceTree = "<group>";
		};
		F1E2D3C4B5A6978877665546 /* App */ = {
			isa = PBXGroup;
			children = (
				F1E2D3C4B5A6978877665548 /* Sources/Lungfish/main.swift */,
				F1E2D3C4B5A6978877665565 /* Lungfish.help */,
			);
			name = App;
			sourceTree = "<group>";
		};
		F1E2D3C4B5A6978877665547 /* Products */ = {
			isa = PBXGroup;
			children = (
				F1E2D3C4B5A6978877665549 /* Lungfish.app */,
				F1E2D3C4B5A6978877665575 /* LungfishXCUITests.xctest */,
			);
			name = Products;
			sourceTree = "<group>";
		};
		F1E2D3C4B5A6978877665577 /* Tests */ = {
			isa = PBXGroup;
			children = (
				F1E2D3C4B5A6978877665578 /* LungfishXCUITests */,
			);
			name = Tests;
			sourceTree = "<group>";
		};
		F1E2D3C4B5A6978877665578 /* LungfishXCUITests */ = {
			isa = PBXGroup;
			children = (
				F1E2D3C4B5A697887766559D /* AssemblyXCUITests.swift */,
				F1E2D3C4B5A69788776655A5 /* BundleBrowserXCUITests.swift */,
				F1E2D3C4B5A6978877665573 /* DatabaseSearchXCUITests.swift */,
				F1E2D3C4B5A6978877665595 /* MainWindowNavigationXCUITests.swift */,
				F1E2D3C4B5A69788776655A1 /* MappingXCUITests.swift */,
				F1E2D3C4B5A69788776655AD /* NFCoreWorkflowXCUITests.swift */,
				F1E2D3C4B5A69788776655A9 /* PrimerTrimXCUITests.swift */,
				F1E2D3C4B5A6978877665594 /* ProjectLifecycleXCUITests.swift */,
				F1E2D3C4B5A69788776655AB /* VariantCallingAutoConfirmXCUITests.swift */,
				F1E2D3C4B5A6978877665579 /* TestSupport */,
			);
			path = LungfishXCUITests;
			sourceTree = "<group>";
		};
		F1E2D3C4B5A6978877665579 /* TestSupport */ = {
			isa = PBXGroup;
			children = (
				F1E2D3C4B5A697887766559F /* AssemblyRobot.swift */,
				F1E2D3C4B5A69788776655A7 /* BundleBrowserRobot.swift */,
				F1E2D3C4B5A6978877665597 /* LungfishFixtureCatalog.swift */,
				F1E2D3C4B5A6978877665574 /* LungfishAppRobot.swift */,
				F1E2D3C4B5A6978877665598 /* LungfishProjectFixtureBuilder.swift */,
				F1E2D3C4B5A6978877665596 /* LungfishUITestLaunchOptions.swift */,
				F1E2D3C4B5A6978877665599 /* MainWindowRobot.swift */,
				F1E2D3C4B5A69788776655A3 /* MappingRobot.swift */,
				F1E2D3C4B5A697887766559A /* ProjectLifecycleRobot.swift */,
				F1E2D3C4B5A697887766559B /* SystemPanelRobot.swift */,
			);
			path = TestSupport;
			sourceTree = "<group>";
		};
/* End PBXGroup section */

/* Begin PBXNativeTarget section */
		F1E2D3C4B5A6978877665550 /* Lungfish */ = {
			isa = PBXNativeTarget;
			buildConfigurationList = F1E2D3C4B5A6978877665556 /* Build configuration list for PBXNativeTarget "Lungfish" */;
			buildPhases = (
				F1E2D3C4B5A6978877665569 /* Hydrate worktree resources */,
				F1E2D3C4B5A6978877665551 /* Sources */,
				F1E2D3C4B5A6978877665552 /* Frameworks */,
				F1E2D3C4B5A6978877665553 /* Resources */,
				F1E2D3C4B5A6978877665567 /* Embed lungfish-cli */,
				F1E2D3C4B5A6978877665566 /* Index Help Book */,
				F1E2D3C4B5A6978877665568 /* Sanitize bundled tools */,
			);
			buildRules = (
			);
			dependencies = (
			);
			name = Lungfish;
			packageProductDependencies = (
				F1E2D3C4B5A6978877665563 /* LungfishApp */,
			);
			productName = Lungfish;
			productReference = F1E2D3C4B5A6978877665549 /* Lungfish.app */;
			productType = "com.apple.product-type.application";
		};
		F1E2D3C4B5A6978877665580 /* LungfishXCUITests */ = {
			isa = PBXNativeTarget;
			buildConfigurationList = F1E2D3C4B5A6978877665583 /* Build configuration list for PBXNativeTarget "LungfishXCUITests" */;
			buildPhases = (
				F1E2D3C4B5A6978877665581 /* Sources */,
				F1E2D3C4B5A6978877665576 /* Frameworks */,
			);
			buildRules = (
			);
			dependencies = (
				F1E2D3C4B5A6978877665582 /* PBXTargetDependency */,
			);
			name = LungfishXCUITests;
			packageProductDependencies = (
			);
			productName = LungfishXCUITests;
			productReference = F1E2D3C4B5A6978877665575 /* LungfishXCUITests.xctest */;
			productType = "com.apple.product-type.bundle.ui-testing";
		};
/* End PBXNativeTarget section */

/* Begin PBXProject section */
		F1E2D3C4B5A6978877665544 /* Project object */ = {
			isa = PBXProject;
			attributes = {
				BuildIndependentTargetsInParallel = 1;
				LastSwiftUpdateCheck = 1600;
				LastUpgradeCheck = 1600;
				TargetAttributes = {
					F1E2D3C4B5A6978877665550 = {
						CreatedOnToolsVersion = 16.0;
					};
					F1E2D3C4B5A6978877665580 = {
						CreatedOnToolsVersion = 16.0;
						TestTargetID = F1E2D3C4B5A6978877665550;
					};
				};
			};
			buildConfigurationList = F1E2D3C4B5A6978877665557 /* Build configuration list for PBXProject "Lungfish" */;
			compatibilityVersion = "Xcode 15.0";
			developmentRegion = en;
			hasScannedForEncodings = 0;
			knownRegions = (
				en,
				Base,
			);
			mainGroup = F1E2D3C4B5A6978877665545;
			packageReferences = (
				F1E2D3C4B5A6978877665562 /* XCLocalSwiftPackageReference "." */,
			);
			productRefGroup = F1E2D3C4B5A6978877665547 /* Products */;
			projectDirPath = "";
			projectRoot = "";
			targets = (
				F1E2D3C4B5A6978877665550 /* Lungfish */,
				F1E2D3C4B5A6978877665580 /* LungfishXCUITests */,
			);
		};
/* End PBXProject section */

/* Begin PBXResourcesBuildPhase section */
		F1E2D3C4B5A6978877665553 /* Resources */ = {
			isa = PBXResourcesBuildPhase;
			buildActionMask = 2147483647;
			files = (
				F1E2D3C4B5A6978877665564 /* Lungfish.help in Resources */,
			);
			runOnlyForDeploymentPostprocessing = 0;
		};
/* End PBXResourcesBuildPhase section */

/* Begin PBXShellScriptBuildPhase section */
		F1E2D3C4B5A6978877665569 /* Hydrate worktree resources */ = {
			isa = PBXShellScriptBuildPhase;
			alwaysOutOfDate = 1;
			buildActionMask = 2147483647;
			files = (
			);
			inputFileListPaths = (
			);
			inputPaths = (
				"$(SRCROOT)/scripts/setup-worktree.sh",
			);
			name = "Hydrate worktree resources";
			outputFileListPaths = (
			);
			outputPaths = (
			);
			runOnlyForDeploymentPostprocessing = 0;
			shellPath = /bin/bash;
			shellScript = "set -euo pipefail\n/bin/bash \"${SRCROOT}/scripts/setup-worktree.sh\" \"${SRCROOT}\"\n";
		};
		F1E2D3C4B5A6978877665568 /* Sanitize bundled tools */ = {
			isa = PBXShellScriptBuildPhase;
			alwaysOutOfDate = 1;
			buildActionMask = 2147483647;
			files = (
			);
			inputFileListPaths = (
			);
			inputPaths = (
				"$(SRCROOT)/scripts/sanitize-bundled-tools.sh",
			);
			name = "Sanitize bundled tools";
			outputFileListPaths = (
			);
			outputPaths = (
			);
			runOnlyForDeploymentPostprocessing = 0;
			shellPath = /bin/sh;
			shellScript = "if [ \"${LUNGFISH_SKIP_SANITIZE_BUNDLED_TOOLS:-0}\" = \"1\" ]; then\n  exit 0\nfi\n\nif [ \"$CONFIGURATION\" = \"Release\" ]; then\n  sanitize_path() {\n    if [ -e \"$1\" ]; then\n      /bin/bash \"${SRCROOT}/scripts/sanitize-bundled-tools.sh\" \"$1\"\n    fi\n  }\n\n  sanitize_path \"${TARGET_BUILD_DIR}/${EXECUTABLE_FOLDER_PATH}\"\n  sanitize_path \"${INSTALLATION_BUILD_PRODUCTS_LOCATION}/${EXECUTABLE_FOLDER_PATH}\"\n  sanitize_path \"${TARGET_BUILD_DIR}/${UNLOCALIZED_RESOURCES_FOLDER_PATH}/LungfishGenomeBrowser_LungfishWorkflow.bundle/Contents/Resources/Tools\"\n  sanitize_path \"${INSTALLATION_BUILD_PRODUCTS_LOCATION}/${UNLOCALIZED_RESOURCES_FOLDER_PATH}/LungfishGenomeBrowser_LungfishWorkflow.bundle/Contents/Resources/Tools\"\n\n  if [ -n \"${TARGET_TEMP_DIR:-}\" ]; then\n    INTERMEDIATE_BUILD_ROOT=$(cd \"${TARGET_TEMP_DIR}/../../..\" && pwd)\n    sanitize_path \"${INTERMEDIATE_BUILD_ROOT}/UninstalledProducts/macosx/${EXECUTABLE_FOLDER_PATH}\"\n    sanitize_path \"${INTERMEDIATE_BUILD_ROOT}/UninstalledProducts/macosx/LungfishGenomeBrowser_LungfishWorkflow.bundle/Contents/Resources/Tools\"\n  fi\nfi\n";
		};
		F1E2D3C4B5A6978877665567 /* Embed lungfish-cli */ = {
			isa = PBXShellScriptBuildPhase;
			buildActionMask = 2147483647;
			files = (
			);
			inputFileListPaths = (
			);
			inputPaths = (
				"$(SRCROOT)/Package.swift",
				"$(SRCROOT)/Sources/LungfishCLI",
				"$(SRCROOT)/Sources/LungfishCore",
				"$(SRCROOT)/Sources/LungfishIO",
				"$(SRCROOT)/Sources/LungfishWorkflow",
			);
			name = "Embed lungfish-cli";
			outputFileListPaths = (
			);
			outputPaths = (
				"$(TARGET_BUILD_DIR)/$(EXECUTABLE_FOLDER_PATH)/lungfish-cli",
			);
			runOnlyForDeploymentPostprocessing = 0;
			shellPath = /bin/sh;
			shellScript = "if [ \"${LUNGFISH_SKIP_EMBED_LUNGFISH_CLI:-0}\" = \"1\" ]; then\n  exit 0\nfi\n\nset -euo pipefail\nCONFIGURATION_LOWER=$(printf '%s' \"$CONFIGURATION\" | tr '[:upper:]' '[:lower:]')\nSCRATCH_PATH=\"${SRCROOT}/.build/xcode-cli\"\nCLI_OUTPUT_DIR=\"${SCRATCH_PATH}/arm64-apple-macosx/${CONFIGURATION_LOWER}\"\nCLI_SOURCE=\"${CLI_OUTPUT_DIR}/lungfish-cli\"\nCLI_DEST=\"${TARGET_BUILD_DIR}/${EXECUTABLE_FOLDER_PATH}/lungfish-cli\"\n/usr/bin/xcrun swift build \\\n  --package-path \"${SRCROOT}\" \\\n  --product lungfish-cli \\\n  --configuration \"${CONFIGURATION_LOWER}\" \\\n  --arch arm64 \\\n  --scratch-path \"${SCRATCH_PATH}\"\n/usr/bin/install -d \"$(dirname \"${CLI_DEST}\")\"\n/usr/bin/install -m 755 \"${CLI_SOURCE}\" \"${CLI_DEST}\"\nif [ -n \"${EXPANDED_CODE_SIGN_IDENTITY:-}\" ]; then\n  /usr/bin/codesign --force --sign \"${EXPANDED_CODE_SIGN_IDENTITY}\" \\\n    --options runtime \\\n    --entitlements \"${SRCROOT}/lungfish-cli.entitlements\" \\\n    --generate-entitlement-der \\\n    \"${CLI_DEST}\"\nfi\n";
		};
		F1E2D3C4B5A6978877665566 /* Index Help Book */ = {
			isa = PBXShellScriptBuildPhase;
			buildActionMask = 2147483647;
			files = (
			);
			inputFileListPaths = (
			);
			inputPaths = (
			);
			name = "Index Help Book";
			outputFileListPaths = (
			);
			outputPaths = (
				"$(TARGET_BUILD_DIR)/$(UNLOCALIZED_RESOURCES_FOLDER_PATH)/Lungfish.help/Contents/Resources/en.lproj/search.helpindex",
			);
			runOnlyForDeploymentPostprocessing = 0;
			shellPath = /bin/sh;
			shellScript = "if [ -x /usr/bin/hiutil ]; then\n  HELP_LPROJ=\"${TARGET_BUILD_DIR}/${UNLOCALIZED_RESOURCES_FOLDER_PATH}/Lungfish.help/Contents/Resources/en.lproj\"\n  if [ -d \"${HELP_LPROJ}\" ]; then\n    /usr/bin/hiutil -Caf \"${HELP_LPROJ}/search.helpindex\" \"${HELP_LPROJ}\" || true\n  fi\nfi\n";
		};
/* End PBXShellScriptBuildPhase section */

/* Begin PBXSourcesBuildPhase section */
		F1E2D3C4B5A6978877665551 /* Sources */ = {
			isa = PBXSourcesBuildPhase;
			buildActionMask = 2147483647;
			files = (
				F1E2D3C4B5A6978877665554 /* Sources/Lungfish/main.swift in Sources */,
			);
			runOnlyForDeploymentPostprocessing = 0;
		};
		F1E2D3C4B5A6978877665581 /* Sources */ = {
			isa = PBXSourcesBuildPhase;
			buildActionMask = 2147483647;
			files = (
				F1E2D3C4B5A697887766559C /* AssemblyXCUITests.swift in Sources */,
				F1E2D3C4B5A697887766559E /* AssemblyRobot.swift in Sources */,
				F1E2D3C4B5A69788776655A4 /* BundleBrowserXCUITests.swift in Sources */,
				F1E2D3C4B5A69788776655A6 /* BundleBrowserRobot.swift in Sources */,
				F1E2D3C4B5A6978877665571 /* DatabaseSearchXCUITests.swift in Sources */,
				F1E2D3C4B5A6978877665572 /* LungfishAppRobot.swift in Sources */,
				F1E2D3C4B5A6978877665589 /* LungfishFixtureCatalog.swift in Sources */,
				F1E2D3C4B5A6978877665590 /* LungfishProjectFixtureBuilder.swift in Sources */,
				F1E2D3C4B5A6978877665588 /* LungfishUITestLaunchOptions.swift in Sources */,
				F1E2D3C4B5A6978877665587 /* MainWindowNavigationXCUITests.swift in Sources */,
				F1E2D3C4B5A6978877665591 /* MainWindowRobot.swift in Sources */,
				F1E2D3C4B5A69788776655A0 /* MappingXCUITests.swift in Sources */,
				F1E2D3C4B5A69788776655A2 /* MappingRobot.swift in Sources */,
				F1E2D3C4B5A69788776655AC /* NFCoreWorkflowXCUITests.swift in Sources */,
				F1E2D3C4B5A69788776655A8 /* PrimerTrimXCUITests.swift in Sources */,
				F1E2D3C4B5A6978877665586 /* ProjectLifecycleXCUITests.swift in Sources */,
				F1E2D3C4B5A6978877665592 /* ProjectLifecycleRobot.swift in Sources */,
				F1E2D3C4B5A6978877665593 /* SystemPanelRobot.swift in Sources */,
			);
			runOnlyForDeploymentPostprocessing = 0;
		};
/* End PBXSourcesBuildPhase section */

/* Begin PBXTargetDependency section */
		F1E2D3C4B5A6978877665582 /* PBXTargetDependency */ = {
			isa = PBXTargetDependency;
			target = F1E2D3C4B5A6978877665550 /* Lungfish */;
			targetProxy = F1E2D3C4B5A6978877665570 /* PBXContainerItemProxy */;
		};
/* End PBXTargetDependency section */

/* Begin XCBuildConfiguration section */
		F1E2D3C4B5A6978877665558 /* Debug */ = {
			isa = XCBuildConfiguration;
			buildSettings = {
				ARCHS = arm64;
				"CODE_SIGN_ENTITLEMENTS[sdk=*]" = "lungfish-cli.entitlements";
				CODE_SIGN_STYLE = Automatic;
				CURRENT_PROJECT_VERSION = 1;
				DEVELOPMENT_TEAM = 29G3WN2GSA;
				EXCLUDED_ARCHS = x86_64;
				GENERATE_INFOPLIST_FILE = YES;
				INFOPLIST_KEY_CFBundleDisplayName = Lungfish;
				INFOPLIST_KEY_CFBundleHelpBookFolder = Lungfish.help;
				INFOPLIST_KEY_CFBundleHelpBookName = "Lungfish Help";
				INFOPLIST_KEY_LSApplicationCategoryType = "public.app-category.developer-tools";
				LD_RUNPATH_SEARCH_PATHS = (
					"$(inherited)",
					"@executable_path/../Frameworks",
				);
				MACOSX_DEPLOYMENT_TARGET = 26.0;
				MARKETING_VERSION = "0.4.0-alpha.4";
				ONLY_ACTIVE_ARCH = YES;
				PRODUCT_BUNDLE_IDENTIFIER = com.lungfish.browser;
				PRODUCT_NAME = "$(TARGET_NAME)";
				SDKROOT = macosx;
				SWIFT_EMIT_LOC_STRINGS = YES;
				SWIFT_VERSION = 6.0;
			};
			name = Debug;
		};
		F1E2D3C4B5A6978877665559 /* Release */ = {
			isa = XCBuildConfiguration;
			buildSettings = {
				ARCHS = arm64;
				"CODE_SIGN_ENTITLEMENTS[sdk=*]" = "lungfish-cli.entitlements";
				CODE_SIGN_STYLE = Automatic;
				CURRENT_PROJECT_VERSION = 1;
				DEVELOPMENT_TEAM = 29G3WN2GSA;
				ENABLE_HARDENED_RUNTIME = YES;
				EXCLUDED_ARCHS = x86_64;
				GENERATE_INFOPLIST_FILE = YES;
				INFOPLIST_KEY_CFBundleDisplayName = Lungfish;
				INFOPLIST_KEY_CFBundleHelpBookFolder = Lungfish.help;
				INFOPLIST_KEY_CFBundleHelpBookName = "Lungfish Help";
				INFOPLIST_KEY_LSApplicationCategoryType = "public.app-category.developer-tools";
				LD_RUNPATH_SEARCH_PATHS = (
					"$(inherited)",
					"@executable_path/../Frameworks",
				);
				MACOSX_DEPLOYMENT_TARGET = 26.0;
				MARKETING_VERSION = "0.4.0-alpha.4";
				ONLY_ACTIVE_ARCH = YES;
				PRODUCT_BUNDLE_IDENTIFIER = com.lungfish.browser;
				PRODUCT_NAME = "$(TARGET_NAME)";
				SDKROOT = macosx;
				SWIFT_EMIT_LOC_STRINGS = YES;
				SWIFT_VERSION = 6.0;
			};
			name = Release;
		};
		F1E2D3C4B5A6978877665560 /* Debug */ = {
			isa = XCBuildConfiguration;
			buildSettings = {
				ALWAYS_SEARCH_USER_PATHS = NO;
				ARCHS = arm64;
				CLANG_ENABLE_MODULES = YES;
				CLANG_ENABLE_OBJC_ARC = YES;
				COPY_PHASE_STRIP = NO;
				DEBUG_INFORMATION_FORMAT = dwarf;
				ENABLE_STRICT_OBJC_MSGSEND = YES;
				EXCLUDED_ARCHS = x86_64;
				GCC_C_LANGUAGE_STANDARD = gnu17;
				GCC_OPTIMIZATION_LEVEL = 0;
				GCC_PREPROCESSOR_DEFINITIONS = (
					"DEBUG=1",
					"$(inherited)",
				);
				MACOSX_DEPLOYMENT_TARGET = 26.0;
				ONLY_ACTIVE_ARCH = YES;
				SDKROOT = macosx;
				SWIFT_ACTIVE_COMPILATION_CONDITIONS = "DEBUG $(inherited)";
				SWIFT_OPTIMIZATION_LEVEL = "-Onone";
			};
			name = Debug;
		};
		F1E2D3C4B5A6978877665561 /* Release */ = {
			isa = XCBuildConfiguration;
			buildSettings = {
				ALWAYS_SEARCH_USER_PATHS = NO;
				ARCHS = arm64;
				CLANG_ENABLE_MODULES = YES;
				CLANG_ENABLE_OBJC_ARC = YES;
				COPY_PHASE_STRIP = NO;
				DEBUG_INFORMATION_FORMAT = "dwarf-with-dsym";
				ENABLE_NS_ASSERTIONS = NO;
				ENABLE_STRICT_OBJC_MSGSEND = YES;
				EXCLUDED_ARCHS = x86_64;
				GCC_C_LANGUAGE_STANDARD = gnu17;
				GCC_OPTIMIZATION_LEVEL = 3;
				MACOSX_DEPLOYMENT_TARGET = 26.0;
				ONLY_ACTIVE_ARCH = YES;
				SDKROOT = macosx;
				SWIFT_OPTIMIZATION_LEVEL = "-O";
			};
			name = Release;
		};
		F1E2D3C4B5A6978877665584 /* Debug */ = {
			isa = XCBuildConfiguration;
			buildSettings = {
				ARCHS = arm64;
				CODE_SIGN_STYLE = Automatic;
				CURRENT_PROJECT_VERSION = 1;
				DEVELOPMENT_TEAM = 29G3WN2GSA;
				EXCLUDED_ARCHS = x86_64;
				GENERATE_INFOPLIST_FILE = YES;
				MACOSX_DEPLOYMENT_TARGET = 26.0;
				MARKETING_VERSION = "0.4.0-alpha.4";
				ONLY_ACTIVE_ARCH = YES;
				PRODUCT_BUNDLE_IDENTIFIER = com.lungfish.browser.xcuitests;
				PRODUCT_NAME = "$(TARGET_NAME)";
				SDKROOT = macosx;
				SWIFT_EMIT_LOC_STRINGS = NO;
				SWIFT_VERSION = 6.0;
				TEST_TARGET_NAME = Lungfish;
			};
			name = Debug;
		};
		F1E2D3C4B5A6978877665585 /* Release */ = {
			isa = XCBuildConfiguration;
			buildSettings = {
				ARCHS = arm64;
				CODE_SIGN_STYLE = Automatic;
				CURRENT_PROJECT_VERSION = 1;
				DEVELOPMENT_TEAM = 29G3WN2GSA;
				EXCLUDED_ARCHS = x86_64;
				GENERATE_INFOPLIST_FILE = YES;
				MACOSX_DEPLOYMENT_TARGET = 26.0;
				MARKETING_VERSION = "0.4.0-alpha.4";
				ONLY_ACTIVE_ARCH = YES;
				PRODUCT_BUNDLE_IDENTIFIER = com.lungfish.browser.xcuitests;
				PRODUCT_NAME = "$(TARGET_NAME)";
				SDKROOT = macosx;
				SWIFT_EMIT_LOC_STRINGS = NO;
				SWIFT_VERSION = 6.0;
				TEST_TARGET_NAME = Lungfish;
			};
			name = Release;
		};
/* End XCBuildConfiguration section */

/* Begin XCConfigurationList section */
		F1E2D3C4B5A6978877665556 /* Build configuration list for PBXNativeTarget "Lungfish" */ = {
			isa = XCConfigurationList;
			buildConfigurations = (
				F1E2D3C4B5A6978877665558 /* Debug */,
				F1E2D3C4B5A6978877665559 /* Release */,
			);
			defaultConfigurationIsVisible = 0;
			defaultConfigurationName = Release;
		};
		F1E2D3C4B5A6978877665557 /* Build configuration list for PBXProject "Lungfish" */ = {
			isa = XCConfigurationList;
			buildConfigurations = (
				F1E2D3C4B5A6978877665560 /* Debug */,
				F1E2D3C4B5A6978877665561 /* Release */,
			);
			defaultConfigurationIsVisible = 0;
			defaultConfigurationName = Release;
		};
		F1E2D3C4B5A6978877665583 /* Build configuration list for PBXNativeTarget "LungfishXCUITests" */ = {
			isa = XCConfigurationList;
			buildConfigurations = (
				F1E2D3C4B5A6978877665584 /* Debug */,
				F1E2D3C4B5A6978877665585 /* Release */,
			);
			defaultConfigurationIsVisible = 0;
			defaultConfigurationName = Release;
		};
/* End XCConfigurationList section */

/* Begin XCLocalSwiftPackageReference section */
		F1E2D3C4B5A6978877665562 /* XCLocalSwiftPackageReference "." */ = {
			isa = XCLocalSwiftPackageReference;
			relativePath = .;
		};
/* End XCLocalSwiftPackageReference section */

/* Begin XCSwiftPackageProductDependency section */
		F1E2D3C4B5A6978877665563 /* LungfishApp */ = {
			isa = XCSwiftPackageProductDependency;
			package = F1E2D3C4B5A6978877665562 /* XCLocalSwiftPackageReference "." */;
			productName = LungfishApp;
		};
/* End XCSwiftPackageProductDependency section */
	};
	rootObject = F1E2D3C4B5A6978877665544 /* Project object */;
}
